
Microsoft Visual Studio Solution File, Format Version 12.00
# Visual Studio Version 16
VisualStudioVersion = 16.0.29215.179
MinimumVisualStudioVersion = 10.0.40219.1
Project("{FAE04EC0-301F-11D3-BF4B-00C04F79EFBC}") = "Steam Guard Code Generator", "Steam Guard Code Generator\Steam Guard Code Generator.csproj", "{3AF9D3CD-9C4C-4678-BB4A-9FA702A8E32B}"
EndProject
Global
	GlobalSection(SolutionConfigurationPlatforms) = preSolution
		Debug|Any CPU = Debug|Any CPU
		Release|Any CPU = Release|Any CPU
	EndGlobalSection
	GlobalSection(ProjectConfigurationPlatforms) = postSolution
		{3AF9D3CD-9C4C-4678-BB4A-9FA702A8E32B}.Debug|Any CPU.ActiveCfg = Debug|Any CPU
		{3AF9D3CD-9C4C-4678-BB4A-9FA702A8E32B}.Debug|Any CPU.Build.0 = Debug|Any CPU
		{3AF9D3CD-9C4C-4678-BB4A-9FA702A8E32B}.Release|Any CPU.ActiveCfg = Release|Any CPU
		{3AF9D3CD-9C4C-4678-BB4A-9FA702A8E32B}.Release|Any CPU.Build.0 = Release|Any CPU
	EndGlobalSection
	GlobalSection(SolutionProperties) = preSolution
		HideSolutionNode = FALSE
	EndGlobalSection
	GlobalSection(ExtensibilityGlobals) = postSolution
		SolutionGuid = {8B60C020-4627-4160-8897-F3B418F6D212}
	EndGlobalSection
EndGlobal
